
Microsoft Visual Studio Solution File, Format Version 12.00
# Visual Studio Express 2013 for Windows Desktop
VisualStudioVersion = 12.0.31101.0
MinimumVisualStudioVersion = 10.0.40219.1
Project("{8BC9CEB8-8B4A-11D0-8D11-00A0C91BC942}") = "snsf9x", "snsf9x.vcxproj", "{7AAF7F71-D2A7-4B19-9B39-B4FD2CB060E5}"
EndProject
Project("{8BC9CEB8-8B4A-11D0-8D11-00A0C91BC942}") = "in_snsf9x", "in_snsf9x.vcxproj", "{8DA6AC5F-D278-48BD-8548-7741B2E79E86}"
EndProject
Project("{8BC9CEB8-8B4A-11D0-8D11-00A0C91BC942}") = "kbsnsf9x", "kbsnsf9x.vcxproj", "{D528F998-E8C1-4237-AADC-2A6ED63C3692}"
EndProject
Global
	GlobalSection(SolutionConfigurationPlatforms) = preSolution
		Debug|Win32 = Debug|Win32
		Release|Win32 = Release|Win32
	EndGlobalSection
	GlobalSection(ProjectConfigurationPlatforms) = postSolution
		{7AAF7F71-D2A7-4B19-9B39-B4FD2CB060E5}.Debug|Win32.ActiveCfg = Debug|Win32
		{7AAF7F71-D2A7-4B19-9B39-B4FD2CB060E5}.Debug|Win32.Build.0 = Debug|Win32
		{7AAF7F71-D2A7-4B19-9B39-B4FD2CB060E5}.Release|Win32.ActiveCfg = Release|Win32
		{7AAF7F71-D2A7-4B19-9B39-B4FD2CB060E5}.Release|Win32.Build.0 = Release|Win32
		{8DA6AC5F-D278-48BD-8548-7741B2E79E86}.Debug|Win32.ActiveCfg = Debug|Win32
		{8DA6AC5F-D278-48BD-8548-7741B2E79E86}.Debug|Win32.Build.0 = Debug|Win32
		{8DA6AC5F-D278-48BD-8548-7741B2E79E86}.Release|Win32.ActiveCfg = Release|Win32
		{8DA6AC5F-D278-48BD-8548-7741B2E79E86}.Release|Win32.Build.0 = Release|Win32
		{D528F998-E8C1-4237-AADC-2A6ED63C3692}.Debug|Win32.ActiveCfg = Debug|Win32
		{D528F998-E8C1-4237-AADC-2A6ED63C3692}.Debug|Win32.Build.0 = Debug|Win32
		{D528F998-E8C1-4237-AADC-2A6ED63C3692}.Release|Win32.ActiveCfg = Release|Win32
		{D528F998-E8C1-4237-AADC-2A6ED63C3692}.Release|Win32.Build.0 = Release|Win32
	EndGlobalSection
	GlobalSection(SolutionProperties) = preSolution
		HideSolutionNode = FALSE
	EndGlobalSection
EndGlobal
